
Microsoft Visual Studio Solution File, Format Version 11.00
# Visual C++ Express 2010
Project("{8BC9CEB8-8B4A-11D0-8D11-00A0C91BC942}") = "FaceTrackingCode", "FaceTrackingCode\FaceTrackingCode.vcxproj", "{5DE3E30F-E0EE-4F12-B0E0-53DAA5D6E699}"
EndProject
Global
	GlobalSection(SolutionConfigurationPlatforms) = preSolution
		Debug|Win32 = Debug|Win32
		Release|Win32 = Release|Win32
	EndGlobalSection
	GlobalSection(ProjectConfigurationPlatforms) = postSolution
		{5DE3E30F-E0EE-4F12-B0E0-53DAA5D6E699}.Debug|Win32.ActiveCfg = Debug|Win32
		{5DE3E30F-E0EE-4F12-B0E0-53DAA5D6E699}.Debug|Win32.Build.0 = Debug|Win32
		{5DE3E30F-E0EE-4F12-B0E0-53DAA5D6E699}.Release|Win32.ActiveCfg = Release|Win32
		{5DE3E30F-E0EE-4F12-B0E0-53DAA5D6E699}.Release|Win32.Build.0 = Release|Win32
	EndGlobalSection
	GlobalSection(SolutionProperties) = preSolution
		HideSolutionNode = FALSE
	EndGlobalSection
EndGlobal
